# This file is automatically @generated by Cargo.
# It is not intended for manual editing.
version = 3

[[package]]
name = "rustc-ap-graphviz"
version = "662.0.0"
source = "registry+https://github.com/rust-lang/crates.io-index"
checksum = "1cbd590ef84c483c1f45a71bd27ae2ff18d1ea393780feb1e48eff9cd8e6e5c7"

[[package]]
name = "src-graph"
version = "0.1.1"
dependencies = [
 "rustc-ap-graphviz",
]
